
Microsoft Visual Studio Solution File, Format Version 12.00
# Visual Studio Version 17
VisualStudioVersion = 17.9.34701.34
MinimumVisualStudioVersion = 10.0.40219.1
Project("{9A19103F-16F7-4668-BE54-9A1E7A4F7556}") = "iSoft.Database", "subs\iSoft.Core\iSoft.Database\iSoft.Database.csproj", "{210F9BF0-63B3-491C-80EF-547845028954}"
EndProject
Project("{9A19103F-16F7-4668-BE54-9A1E7A4F7556}") = "iSoft.Common", "subs\iSoft.Core\iSoft.Common\iSoft.Common.csproj", "{C9EA0074-DC3E-4F87-BA8A-238F5106365C}"
EndProject
Project("{9A19103F-16F7-4668-BE54-9A1E7A4F7556}") = "iSoft.Redis", "subs\iSoft.Core\iSoft.Redis\iSoft.Redis.csproj", "{8FBFBCF2-99E9-4449-8EF4-4DD19BDD3440}"
EndProject
Project("{9A19103F-16F7-4668-BE54-9A1E7A4F7556}") = "iSoft.DBLibrary", "subs\iSoft.Core\iSoft.DBLibrary\iSoft.DBLibrary.csproj", "{45E9065D-FAFC-4CC9-B006-C047F998A81E}"
EndProject
Project("{9A19103F-16F7-4668-BE54-9A1E7A4F7556}") = "Kepware", "src\KepwareAPI\Kepware.csproj", "{73737EBF-D117-49CC-AB0A-4D48DE3BF69C}"
EndProject
Project("{9A19103F-16F7-4668-BE54-9A1E7A4F7556}") = "TestReadWriteTags", "src\TestReadWriteTags\TestReadWriteTags.csproj", "{958864FF-8A0A-4B7A-B9C7-A6F467B8C453}"
EndProject
Project("{9A19103F-16F7-4668-BE54-9A1E7A4F7556}") = "Test.Connectivity", "Test.Connectivity\Test.Connectivity.csproj", "{C2C20211-5AD2-41B7-88B7-19090E2A7F71}"
EndProject
Project("{9A19103F-16F7-4668-BE54-9A1E7A4F7556}") = "iSoft.ConnectionCommon", "subs\iSoft.Core\iSoft.ConnectionCommon\iSoft.ConnectionCommon.csproj", "{612B9568-EB98-4FB5-9D8E-F9E8761B6367}"
EndProject
Project("{9A19103F-16F7-4668-BE54-9A1E7A4F7556}") = "iMag.Connectivity.Database", "src\iMag.Connectivity.Database\iMag.Connectivity.Database.csproj", "{5B744D13-475D-4869-8C74-6CC5297517F6}"
EndProject
Project("{9A19103F-16F7-4668-BE54-9A1E7A4F7556}") = "iMag.Connectivity", "src\iMag.Connectivity\iMag.Connectivity.csproj", "{F00DB149-0662-405E-99F3-E8CBE8325ED1}"
EndProject
Project("{9A19103F-16F7-4668-BE54-9A1E7A4F7556}") = "iSoft.SocketIOClient", "subs\iSoft.Core\iSoft.SocketIOClient\iSoft.SocketIOClient.csproj", "{C8A84CC0-9E47-4189-B132-7479F99ABFAE}"
EndProject
Project("{9A19103F-16F7-4668-BE54-9A1E7A4F7556}") = "iSoft.RabbitMQ", "subs\iSoft.Core\iSoft.RabbitMQ\iSoft.RabbitMQ.csproj", "{389CEBB3-CE4A-4930-9059-B066A3E8C3C1}"
EndProject
Project("{9A19103F-16F7-4668-BE54-9A1E7A4F7556}") = "iSoft.InfluxDB", "subs\iSoft.Core\iSoft.InfluxDB\iSoft.InfluxDB.csproj", "{8C21727A-6EC6-484F-AA88-B547011A9474}"
EndProject
Global
	GlobalSection(SolutionConfigurationPlatforms) = preSolution
		Debug|Any CPU = Debug|Any CPU
		Release|Any CPU = Release|Any CPU
	EndGlobalSection
	GlobalSection(ProjectConfigurationPlatforms) = postSolution
		{210F9BF0-63B3-491C-80EF-547845028954}.Debug|Any CPU.ActiveCfg = Debug|Any CPU
		{210F9BF0-63B3-491C-80EF-547845028954}.Debug|Any CPU.Build.0 = Debug|Any CPU
		{210F9BF0-63B3-491C-80EF-547845028954}.Release|Any CPU.ActiveCfg = Release|Any CPU
		{210F9BF0-63B3-491C-80EF-547845028954}.Release|Any CPU.Build.0 = Release|Any CPU
		{C9EA0074-DC3E-4F87-BA8A-238F5106365C}.Debug|Any CPU.ActiveCfg = Debug|Any CPU
		{C9EA0074-DC3E-4F87-BA8A-238F5106365C}.Debug|Any CPU.Build.0 = Debug|Any CPU
		{C9EA0074-DC3E-4F87-BA8A-238F5106365C}.Release|Any CPU.ActiveCfg = Release|Any CPU
		{C9EA0074-DC3E-4F87-BA8A-238F5106365C}.Release|Any CPU.Build.0 = Release|Any CPU
		{8FBFBCF2-99E9-4449-8EF4-4DD19BDD3440}.Debug|Any CPU.ActiveCfg = Debug|Any CPU
		{8FBFBCF2-99E9-4449-8EF4-4DD19BDD3440}.Debug|Any CPU.Build.0 = Debug|Any CPU
		{8FBFBCF2-99E9-4449-8EF4-4DD19BDD3440}.Release|Any CPU.ActiveCfg = Release|Any CPU
		{8FBFBCF2-99E9-4449-8EF4-4DD19BDD3440}.Release|Any CPU.Build.0 = Release|Any CPU
		{45E9065D-FAFC-4CC9-B006-C047F998A81E}.Debug|Any CPU.ActiveCfg = Debug|Any CPU
		{45E9065D-FAFC-4CC9-B006-C047F998A81E}.Debug|Any CPU.Build.0 = Debug|Any CPU
		{45E9065D-FAFC-4CC9-B006-C047F998A81E}.Release|Any CPU.ActiveCfg = Release|Any CPU
		{45E9065D-FAFC-4CC9-B006-C047F998A81E}.Release|Any CPU.Build.0 = Release|Any CPU
		{73737EBF-D117-49CC-AB0A-4D48DE3BF69C}.Debug|Any CPU.ActiveCfg = Debug|Any CPU
		{73737EBF-D117-49CC-AB0A-4D48DE3BF69C}.Debug|Any CPU.Build.0 = Debug|Any CPU
		{73737EBF-D117-49CC-AB0A-4D48DE3BF69C}.Release|Any CPU.ActiveCfg = Release|Any CPU
		{73737EBF-D117-49CC-AB0A-4D48DE3BF69C}.Release|Any CPU.Build.0 = Release|Any CPU
		{958864FF-8A0A-4B7A-B9C7-A6F467B8C453}.Debug|Any CPU.ActiveCfg = Debug|Any CPU
		{958864FF-8A0A-4B7A-B9C7-A6F467B8C453}.Debug|Any CPU.Build.0 = Debug|Any CPU
		{958864FF-8A0A-4B7A-B9C7-A6F467B8C453}.Release|Any CPU.ActiveCfg = Release|Any CPU
		{958864FF-8A0A-4B7A-B9C7-A6F467B8C453}.Release|Any CPU.Build.0 = Release|Any CPU
		{C2C20211-5AD2-41B7-88B7-19090E2A7F71}.Debug|Any CPU.ActiveCfg = Debug|Any CPU
		{C2C20211-5AD2-41B7-88B7-19090E2A7F71}.Debug|Any CPU.Build.0 = Debug|Any CPU
		{C2C20211-5AD2-41B7-88B7-19090E2A7F71}.Release|Any CPU.ActiveCfg = Release|Any CPU
		{C2C20211-5AD2-41B7-88B7-19090E2A7F71}.Release|Any CPU.Build.0 = Release|Any CPU
		{612B9568-EB98-4FB5-9D8E-F9E8761B6367}.Debug|Any CPU.ActiveCfg = Debug|Any CPU
		{612B9568-EB98-4FB5-9D8E-F9E8761B6367}.Debug|Any CPU.Build.0 = Debug|Any CPU
		{612B9568-EB98-4FB5-9D8E-F9E8761B6367}.Release|Any CPU.ActiveCfg = Release|Any CPU
		{612B9568-EB98-4FB5-9D8E-F9E8761B6367}.Release|Any CPU.Build.0 = Release|Any CPU
		{5B744D13-475D-4869-8C74-6CC5297517F6}.Debug|Any CPU.ActiveCfg = Debug|Any CPU
		{5B744D13-475D-4869-8C74-6CC5297517F6}.Debug|Any CPU.Build.0 = Debug|Any CPU
		{5B744D13-475D-4869-8C74-6CC5297517F6}.Release|Any CPU.ActiveCfg = Release|Any CPU
		{5B744D13-475D-4869-8C74-6CC5297517F6}.Release|Any CPU.Build.0 = Release|Any CPU
		{F00DB149-0662-405E-99F3-E8CBE8325ED1}.Debug|Any CPU.ActiveCfg = Debug|Any CPU
		{F00DB149-0662-405E-99F3-E8CBE8325ED1}.Debug|Any CPU.Build.0 = Debug|Any CPU
		{F00DB149-0662-405E-99F3-E8CBE8325ED1}.Release|Any CPU.ActiveCfg = Release|Any CPU
		{F00DB149-0662-405E-99F3-E8CBE8325ED1}.Release|Any CPU.Build.0 = Release|Any CPU
		{C8A84CC0-9E47-4189-B132-7479F99ABFAE}.Debug|Any CPU.ActiveCfg = Debug|Any CPU
		{C8A84CC0-9E47-4189-B132-7479F99ABFAE}.Debug|Any CPU.Build.0 = Debug|Any CPU
		{C8A84CC0-9E47-4189-B132-7479F99ABFAE}.Release|Any CPU.ActiveCfg = Release|Any CPU
		{C8A84CC0-9E47-4189-B132-7479F99ABFAE}.Release|Any CPU.Build.0 = Release|Any CPU
		{389CEBB3-CE4A-4930-9059-B066A3E8C3C1}.Debug|Any CPU.ActiveCfg = Debug|Any CPU
		{389CEBB3-CE4A-4930-9059-B066A3E8C3C1}.Debug|Any CPU.Build.0 = Debug|Any CPU
		{389CEBB3-CE4A-4930-9059-B066A3E8C3C1}.Release|Any CPU.ActiveCfg = Release|Any CPU
		{389CEBB3-CE4A-4930-9059-B066A3E8C3C1}.Release|Any CPU.Build.0 = Release|Any CPU
		{8C21727A-6EC6-484F-AA88-B547011A9474}.Debug|Any CPU.ActiveCfg = Debug|Any CPU
		{8C21727A-6EC6-484F-AA88-B547011A9474}.Debug|Any CPU.Build.0 = Debug|Any CPU
		{8C21727A-6EC6-484F-AA88-B547011A9474}.Release|Any CPU.ActiveCfg = Release|Any CPU
		{8C21727A-6EC6-484F-AA88-B547011A9474}.Release|Any CPU.Build.0 = Release|Any CPU
	EndGlobalSection
	GlobalSection(SolutionProperties) = preSolution
		HideSolutionNode = FALSE
	EndGlobalSection
	GlobalSection(ExtensibilityGlobals) = postSolution
		SolutionGuid = {A6ADDA5F-B4E4-44D1-839B-8EC57BF2D77F}
	EndGlobalSection
EndGlobal
